
Microsoft Visual Studio Solution File, Format Version 12.00
# Visual Studio Version 17
VisualStudioVersion = 17.9.34701.34
MinimumVisualStudioVersion = 10.0.40219.1
Project("{9A19103F-16F7-4668-BE54-9A1E7A4F7556}") = "API", "API\API.csproj", "{36B29232-E430-42E8-B9A0-D71FCED817CF}"
EndProject
Project("{9A19103F-16F7-4668-BE54-9A1E7A4F7556}") = "Application", "Application\Application.csproj", "{8010CCAC-77B0-48D6-95E7-41E4E2C69073}"
EndProject
Project("{9A19103F-16F7-4668-BE54-9A1E7A4F7556}") = "Domain", "Domain\Domain.csproj", "{F81D18E5-4026-4901-8C81-7233C75D3B61}"
EndProject
Project("{9A19103F-16F7-4668-BE54-9A1E7A4F7556}") = "Infra", "Infra\Infra.csproj", "{A3C4B304-FF6C-40A2-B6C8-BA30B8CA4A7B}"
EndProject
Project("{9A19103F-16F7-4668-BE54-9A1E7A4F7556}") = "Services", "Services\Services.csproj", "{EB35A1DC-F2AE-4504-B33D-1DC41A3A487E}"
EndProject
Global
	GlobalSection(SolutionConfigurationPlatforms) = preSolution
		Debug|Any CPU = Debug|Any CPU
		Release|Any CPU = Release|Any CPU
	EndGlobalSection
	GlobalSection(ProjectConfigurationPlatforms) = postSolution
		{36B29232-E430-42E8-B9A0-D71FCED817CF}.Debug|Any CPU.ActiveCfg = Debug|Any CPU
		{36B29232-E430-42E8-B9A0-D71FCED817CF}.Debug|Any CPU.Build.0 = Debug|Any CPU
		{36B29232-E430-42E8-B9A0-D71FCED817CF}.Release|Any CPU.ActiveCfg = Release|Any CPU
		{36B29232-E430-42E8-B9A0-D71FCED817CF}.Release|Any CPU.Build.0 = Release|Any CPU
		{8010CCAC-77B0-48D6-95E7-41E4E2C69073}.Debug|Any CPU.ActiveCfg = Debug|Any CPU
		{8010CCAC-77B0-48D6-95E7-41E4E2C69073}.Debug|Any CPU.Build.0 = Debug|Any CPU
		{8010CCAC-77B0-48D6-95E7-41E4E2C69073}.Release|Any CPU.ActiveCfg = Release|Any CPU
		{8010CCAC-77B0-48D6-95E7-41E4E2C69073}.Release|Any CPU.Build.0 = Release|Any CPU
		{F81D18E5-4026-4901-8C81-7233C75D3B61}.Debug|Any CPU.ActiveCfg = Debug|Any CPU
		{F81D18E5-4026-4901-8C81-7233C75D3B61}.Debug|Any CPU.Build.0 = Debug|Any CPU
		{F81D18E5-4026-4901-8C81-7233C75D3B61}.Release|Any CPU.ActiveCfg = Release|Any CPU
		{F81D18E5-4026-4901-8C81-7233C75D3B61}.Release|Any CPU.Build.0 = Release|Any CPU
		{A3C4B304-FF6C-40A2-B6C8-BA30B8CA4A7B}.Debug|Any CPU.ActiveCfg = Debug|Any CPU
		{A3C4B304-FF6C-40A2-B6C8-BA30B8CA4A7B}.Debug|Any CPU.Build.0 = Debug|Any CPU
		{A3C4B304-FF6C-40A2-B6C8-BA30B8CA4A7B}.Release|Any CPU.ActiveCfg = Release|Any CPU
		{A3C4B304-FF6C-40A2-B6C8-BA30B8CA4A7B}.Release|Any CPU.Build.0 = Release|Any CPU
		{EB35A1DC-F2AE-4504-B33D-1DC41A3A487E}.Debug|Any CPU.ActiveCfg = Debug|Any CPU
		{EB35A1DC-F2AE-4504-B33D-1DC41A3A487E}.Debug|Any CPU.Build.0 = Debug|Any CPU
		{EB35A1DC-F2AE-4504-B33D-1DC41A3A487E}.Release|Any CPU.ActiveCfg = Release|Any CPU
		{EB35A1DC-F2AE-4504-B33D-1DC41A3A487E}.Release|Any CPU.Build.0 = Release|Any CPU
	EndGlobalSection
	GlobalSection(SolutionProperties) = preSolution
		HideSolutionNode = FALSE
	EndGlobalSection
	GlobalSection(ExtensibilityGlobals) = postSolution
		SolutionGuid = {154E52F7-03FC-46D6-A429-E1CD32E2CD0C}
	EndGlobalSection
EndGlobal
